#MicroXplorer Configuration settings - do not modify
#Mon Oct 27 11:28:36 FET 2014
File.Version=1
KeepUserPlacement=false
Mcu.Family=STM32F0
Mcu.IP0=ADC
Mcu.IP1=DAC1
Mcu.IP2=TIM3
Mcu.IP3=TIM16
Mcu.IP4=TSC
Mcu.IPNb=5
Mcu.Name=STM32F051C4Tx
Mcu.Package=LQFP48
Mcu.Pin0=PA0
Mcu.Pin1=PA4
Mcu.Pin10=PA11
Mcu.Pin11=PA12
Mcu.Pin12=PB7
Mcu.Pin13=PB8
Mcu.Pin2=PA6
Mcu.Pin3=PA7
Mcu.Pin4=PB0
Mcu.Pin5=PB1
Mcu.Pin6=PB13
Mcu.Pin7=PB14
Mcu.Pin8=PA9
Mcu.Pin9=PA10
Mcu.PinsNb=14
Mcu.UserName=STM32F051C4Tx
PA0.Mode=IN0
PA0.Signal=ADC_IN0
PA10.Mode=G4_IO2
PA10.Signal=TSC_G4_IO2
PA11.Mode=G4_IO3
PA11.Signal=TSC_G4_IO3
PA12.Mode=G4_IO4
PA12.Signal=TSC_G4_IO4
PA4.Mode=DAC
PA4.Signal=DAC1_OUT1
PA6.Mode=Encoder-Interface
PA6.Signal=TIM3_CH1
PA7.Mode=Encoder-Interface
PA7.Signal=TIM3_CH2
PA9.Mode=G4_IO1
PA9.Signal=TSC_G4_IO1
PB0.Mode=IN8
PB0.Signal=ADC_IN8
PB1.Mode=IN9
PB1.Signal=ADC_IN9
PB13.Mode=G6_IO3
PB13.Signal=TSC_G6_IO3
PB14.Mode=G6_IO4
PB14.Signal=TSC_G6_IO4
PB7.Signal=USART1_RX
PB8.Mode=Input-Capture
PB8.Signal=TIM16_CH1
